{
  "name": "pollmaster",
  "version": "1.0.0",
  "lockfileVersion": 3,
  "requires": true,
  "packages": {
    "": {
      "name": "pollmaster",
      "version": "1.0.0",
      "license": "ISC",
      "dependencies": {
        "@nerimity/nerimity.js": "file:../nrepos/nerimity.js"
      }
    },
    "../nrepos/nerimity.js": {
      "name": "@nerimity/nerimity.js",
      "version": "1.20.1",
      "license": "ISC",
      "dependencies": {
        "eventemitter3": "^5.0.4",
        "socket.io-client": "^4.8.3",
        "ws": "^8.20.0"
      },
      "devDependencies": {
        "@eslint/js": "^10.0.1",
        "@types/node-fetch": "^2.6.13",
        "@types/ws": "^8.18.1",
        "eslint": "^10.2.0",
        "globals": "^17.4.0",
        "nodemon": "^3.1.14",
        "ts-node": "^10.9.2",
        "typescript": "^6.0.2",
        "typescript-eslint": "^8.58.1"
      }
    },
    "node_modules/@nerimity/nerimity.js": {
      "resolved": "../nrepos/nerimity.js",
      "link": true
    }
  }
}
